
Microsoft Visual Studio Solution File, Format Version 12.00
# Visual Studio Version 17
VisualStudioVersion = 17.10.35004.147
MinimumVisualStudioVersion = 10.0.40219.1
Project("{FAE04EC0-301F-11D3-BF4B-00C04F79EFBC}") = "Company.Wep", "Company.Wep\Company.Wep.csproj", "{BA0A7EEB-83B7-49AB-AF40-9B8B0F66B4D3}"
EndProject
Project("{FAE04EC0-301F-11D3-BF4B-00C04F79EFBC}") = "Company.Data", "Data.Models\Company.Data.csproj", "{99681DAF-DFD8-4E1C-9EB5-DAD5F914392D}"
EndProject
Project("{FAE04EC0-301F-11D3-BF4B-00C04F79EFBC}") = "Company.Repositry", "Company.Repositry\Company.Repositry.csproj", "{14A2209B-2D97-4633-83B3-92919E6B98B1}"
EndProject
Project("{FAE04EC0-301F-11D3-BF4B-00C04F79EFBC}") = "Company.Service", "Company.Service\Company.Service.csproj", "{09C44142-1969-4B39-BA1B-A305F8084D3D}"
EndProject
Global
	GlobalSection(SolutionConfigurationPlatforms) = preSolution
		Debug|Any CPU = Debug|Any CPU
		Release|Any CPU = Release|Any CPU
	EndGlobalSection
	GlobalSection(ProjectConfigurationPlatforms) = postSolution
		{BA0A7EEB-83B7-49AB-AF40-9B8B0F66B4D3}.Debug|Any CPU.ActiveCfg = Debug|Any CPU
		{BA0A7EEB-83B7-49AB-AF40-9B8B0F66B4D3}.Debug|Any CPU.Build.0 = Debug|Any CPU
		{BA0A7EEB-83B7-49AB-AF40-9B8B0F66B4D3}.Release|Any CPU.ActiveCfg = Release|Any CPU
		{BA0A7EEB-83B7-49AB-AF40-9B8B0F66B4D3}.Release|Any CPU.Build.0 = Release|Any CPU
		{99681DAF-DFD8-4E1C-9EB5-DAD5F914392D}.Debug|Any CPU.ActiveCfg = Debug|Any CPU
		{99681DAF-DFD8-4E1C-9EB5-DAD5F914392D}.Debug|Any CPU.Build.0 = Debug|Any CPU
		{99681DAF-DFD8-4E1C-9EB5-DAD5F914392D}.Release|Any CPU.ActiveCfg = Release|Any CPU
		{99681DAF-DFD8-4E1C-9EB5-DAD5F914392D}.Release|Any CPU.Build.0 = Release|Any CPU
		{14A2209B-2D97-4633-83B3-92919E6B98B1}.Debug|Any CPU.ActiveCfg = Debug|Any CPU
		{14A2209B-2D97-4633-83B3-92919E6B98B1}.Debug|Any CPU.Build.0 = Debug|Any CPU
		{14A2209B-2D97-4633-83B3-92919E6B98B1}.Release|Any CPU.ActiveCfg = Release|Any CPU
		{14A2209B-2D97-4633-83B3-92919E6B98B1}.Release|Any CPU.Build.0 = Release|Any CPU
		{09C44142-1969-4B39-BA1B-A305F8084D3D}.Debug|Any CPU.ActiveCfg = Debug|Any CPU
		{09C44142-1969-4B39-BA1B-A305F8084D3D}.Debug|Any CPU.Build.0 = Debug|Any CPU
		{09C44142-1969-4B39-BA1B-A305F8084D3D}.Release|Any CPU.ActiveCfg = Release|Any CPU
		{09C44142-1969-4B39-BA1B-A305F8084D3D}.Release|Any CPU.Build.0 = Release|Any CPU
	EndGlobalSection
	GlobalSection(SolutionProperties) = preSolution
		HideSolutionNode = FALSE
	EndGlobalSection
	GlobalSection(ExtensibilityGlobals) = postSolution
		SolutionGuid = {F7EF14A9-3FE7-4809-A3EC-2AA40A223E60}
	EndGlobalSection
EndGlobal
